
Microsoft Visual Studio Solution File, Format Version 12.00
# Visual Studio 15
VisualStudioVersion = 15.0.27703.2026
MinimumVisualStudioVersion = 10.0.40219.1
Project("{FAE04EC0-301F-11D3-BF4B-00C04F79EFBC}") = "DemoPanic.Android", "DemoPanic\DemoPanic.Android\DemoPanic.Android.csproj", "{79F9400C-9C37-4A9B-9725-B6548FBCEA45}"
EndProject
Project("{FAE04EC0-301F-11D3-BF4B-00C04F79EFBC}") = "DemoPanic.iOS", "DemoPanic\DemoPanic.iOS\DemoPanic.iOS.csproj", "{B9554D67-22A9-4CBD-A55F-9FC26FF2C917}"
EndProject
Project("{FAE04EC0-301F-11D3-BF4B-00C04F79EFBC}") = "DemoPanic", "DemoPanic\DemoPanic\DemoPanic.csproj", "{69224D00-D956-42E4-9046-1458C5D63574}"
EndProject
Global
	GlobalSection(SolutionConfigurationPlatforms) = preSolution
		Ad-Hoc|Any CPU = Ad-Hoc|Any CPU
		Ad-Hoc|iPhone = Ad-Hoc|iPhone
		Ad-Hoc|iPhoneSimulator = Ad-Hoc|iPhoneSimulator
		AppStore|Any CPU = AppStore|Any CPU
		AppStore|iPhone = AppStore|iPhone
		AppStore|iPhoneSimulator = AppStore|iPhoneSimulator
		Debug|Any CPU = Debug|Any CPU
		Debug|iPhone = Debug|iPhone
		Debug|iPhoneSimulator = Debug|iPhoneSimulator
		Release|Any CPU = Release|Any CPU
		Release|iPhone = Release|iPhone
		Release|iPhoneSimulator = Release|iPhoneSimulator
	EndGlobalSection
	GlobalSection(ProjectConfigurationPlatforms) = postSolution
		{79F9400C-9C37-4A9B-9725-B6548FBCEA45}.Ad-Hoc|Any CPU.ActiveCfg = Release|Any CPU
		{79F9400C-9C37-4A9B-9725-B6548FBCEA45}.Ad-Hoc|Any CPU.Build.0 = Release|Any CPU
		{79F9400C-9C37-4A9B-9725-B6548FBCEA45}.Ad-Hoc|Any CPU.Deploy.0 = Release|Any CPU
		{79F9400C-9C37-4A9B-9725-B6548FBCEA45}.Ad-Hoc|iPhone.ActiveCfg = Release|Any CPU
		{79F9400C-9C37-4A9B-9725-B6548FBCEA45}.Ad-Hoc|iPhone.Build.0 = Release|Any CPU
		{79F9400C-9C37-4A9B-9725-B6548FBCEA45}.Ad-Hoc|iPhone.Deploy.0 = Release|Any CPU
		{79F9400C-9C37-4A9B-9725-B6548FBCEA45}.Ad-Hoc|iPhoneSimulator.ActiveCfg = Release|Any CPU
		{79F9400C-9C37-4A9B-9725-B6548FBCEA45}.Ad-Hoc|iPhoneSimulator.Build.0 = Release|Any CPU
		{79F9400C-9C37-4A9B-9725-B6548FBCEA45}.Ad-Hoc|iPhoneSimulator.Deploy.0 = Release|Any CPU
		{79F9400C-9C37-4A9B-9725-B6548FBCEA45}.AppStore|Any CPU.ActiveCfg = Release|Any CPU
		{79F9400C-9C37-4A9B-9725-B6548FBCEA45}.AppStore|Any CPU.Build.0 = Release|Any CPU
		{79F9400C-9C37-4A9B-9725-B6548FBCEA45}.AppStore|Any CPU.Deploy.0 = Release|Any CPU
		{79F9400C-9C37-4A9B-9725-B6548FBCEA45}.AppStore|iPhone.ActiveCfg = Release|Any CPU
		{79F9400C-9C37-4A9B-9725-B6548FBCEA45}.AppStore|iPhone.Build.0 = Release|Any CPU
		{79F9400C-9C37-4A9B-9725-B6548FBCEA45}.AppStore|iPhone.Deploy.0 = Release|Any CPU
		{79F9400C-9C37-4A9B-9725-B6548FBCEA45}.AppStore|iPhoneSimulator.ActiveCfg = Release|Any CPU
		{79F9400C-9C37-4A9B-9725-B6548FBCEA45}.AppStore|iPhoneSimulator.Build.0 = Release|Any CPU
		{79F9400C-9C37-4A9B-9725-B6548FBCEA45}.AppStore|iPhoneSimulator.Deploy.0 = Release|Any CPU
		{79F9400C-9C37-4A9B-9725-B6548FBCEA45}.Debug|Any CPU.ActiveCfg = Debug|Any CPU
		{79F9400C-9C37-4A9B-9725-B6548FBCEA45}.Debug|Any CPU.Build.0 = Debug|Any CPU
		{79F9400C-9C37-4A9B-9725-B6548FBCEA45}.Debug|Any CPU.Deploy.0 = Debug|Any CPU
		{79F9400C-9C37-4A9B-9725-B6548FBCEA45}.Debug|iPhone.ActiveCfg = Debug|Any CPU
		{79F9400C-9C37-4A9B-9725-B6548FBCEA45}.Debug|iPhone.Build.0 = Debug|Any CPU
		{79F9400C-9C37-4A9B-9725-B6548FBCEA45}.Debug|iPhone.Deploy.0 = Debug|Any CPU
		{79F9400C-9C37-4A9B-9725-B6548FBCEA45}.Debug|iPhoneSimulator.ActiveCfg = Debug|Any CPU
		{79F9400C-9C37-4A9B-9725-B6548FBCEA45}.Debug|iPhoneSimulator.Build.0 = Debug|Any CPU
		{79F9400C-9C37-4A9B-9725-B6548FBCEA45}.Debug|iPhoneSimulator.Deploy.0 = Debug|Any CPU
		{79F9400C-9C37-4A9B-9725-B6548FBCEA45}.Release|Any CPU.ActiveCfg = Release|Any CPU
		{79F9400C-9C37-4A9B-9725-B6548FBCEA45}.Release|Any CPU.Build.0 = Release|Any CPU
		{79F9400C-9C37-4A9B-9725-B6548FBCEA45}.Release|Any CPU.Deploy.0 = Release|Any CPU
		{79F9400C-9C37-4A9B-9725-B6548FBCEA45}.Release|iPhone.ActiveCfg = Release|Any CPU
		{79F9400C-9C37-4A9B-9725-B6548FBCEA45}.Release|iPhone.Build.0 = Release|Any CPU
		{79F9400C-9C37-4A9B-9725-B6548FBCEA45}.Release|iPhone.Deploy.0 = Release|Any CPU
		{79F9400C-9C37-4A9B-9725-B6548FBCEA45}.Release|iPhoneSimulator.ActiveCfg = Release|Any CPU
		{79F9400C-9C37-4A9B-9725-B6548FBCEA45}.Release|iPhoneSimulator.Build.0 = Release|Any CPU
		{79F9400C-9C37-4A9B-9725-B6548FBCEA45}.Release|iPhoneSimulator.Deploy.0 = Release|Any CPU
		{B9554D67-22A9-4CBD-A55F-9FC26FF2C917}.Ad-Hoc|Any CPU.ActiveCfg = Ad-Hoc|iPhone
		{B9554D67-22A9-4CBD-A55F-9FC26FF2C917}.Ad-Hoc|Any CPU.Build.0 = Ad-Hoc|iPhone
		{B9554D67-22A9-4CBD-A55F-9FC26FF2C917}.Ad-Hoc|Any CPU.Deploy.0 = Ad-Hoc|iPhone
		{B9554D67-22A9-4CBD-A55F-9FC26FF2C917}.Ad-Hoc|iPhone.ActiveCfg = Ad-Hoc|iPhone
		{B9554D67-22A9-4CBD-A55F-9FC26FF2C917}.Ad-Hoc|iPhone.Build.0 = Ad-Hoc|iPhone
		{B9554D67-22A9-4CBD-A55F-9FC26FF2C917}.Ad-Hoc|iPhone.Deploy.0 = Ad-Hoc|iPhone
		{B9554D67-22A9-4CBD-A55F-9FC26FF2C917}.Ad-Hoc|iPhoneSimulator.ActiveCfg = Ad-Hoc|iPhoneSimulator
		{B9554D67-22A9-4CBD-A55F-9FC26FF2C917}.Ad-Hoc|iPhoneSimulator.Build.0 = Ad-Hoc|iPhoneSimulator
		{B9554D67-22A9-4CBD-A55F-9FC26FF2C917}.Ad-Hoc|iPhoneSimulator.Deploy.0 = Ad-Hoc|iPhoneSimulator
		{B9554D67-22A9-4CBD-A55F-9FC26FF2C917}.AppStore|Any CPU.ActiveCfg = AppStore|iPhone
		{B9554D67-22A9-4CBD-A55F-9FC26FF2C917}.AppStore|Any CPU.Build.0 = AppStore|iPhone
		{B9554D67-22A9-4CBD-A55F-9FC26FF2C917}.AppStore|Any CPU.Deploy.0 = AppStore|iPhone
		{B9554D67-22A9-4CBD-A55F-9FC26FF2C917}.AppStore|iPhone.ActiveCfg = AppStore|iPhone
		{B9554D67-22A9-4CBD-A55F-9FC26FF2C917}.AppStore|iPhone.Build.0 = AppStore|iPhone
		{B9554D67-22A9-4CBD-A55F-9FC26FF2C917}.AppStore|iPhone.Deploy.0 = AppStore|iPhone
		{B9554D67-22A9-4CBD-A55F-9FC26FF2C917}.AppStore|iPhoneSimulator.ActiveCfg = AppStore|iPhoneSimulator
		{B9554D67-22A9-4CBD-A55F-9FC26FF2C917}.AppStore|iPhoneSimulator.Build.0 = AppStore|iPhoneSimulator
		{B9554D67-22A9-4CBD-A55F-9FC26FF2C917}.AppStore|iPhoneSimulator.Deploy.0 = AppStore|iPhoneSimulator
		{B9554D67-22A9-4CBD-A55F-9FC26FF2C917}.Debug|Any CPU.ActiveCfg = Debug|iPhoneSimulator
		{B9554D67-22A9-4CBD-A55F-9FC26FF2C917}.Debug|Any CPU.Build.0 = Debug|iPhoneSimulator
		{B9554D67-22A9-4CBD-A55F-9FC26FF2C917}.Debug|Any CPU.Deploy.0 = Debug|iPhoneSimulator
		{B9554D67-22A9-4CBD-A55F-9FC26FF2C917}.Debug|iPhone.ActiveCfg = Debug|iPhone
		{B9554D67-22A9-4CBD-A55F-9FC26FF2C917}.Debug|iPhone.Build.0 = Debug|iPhone
		{B9554D67-22A9-4CBD-A55F-9FC26FF2C917}.Debug|iPhone.Deploy.0 = Debug|iPhone
		{B9554D67-22A9-4CBD-A55F-9FC26FF2C917}.Debug|iPhoneSimulator.ActiveCfg = Debug|iPhoneSimulator
		{B9554D67-22A9-4CBD-A55F-9FC26FF2C917}.Debug|iPhoneSimulator.Build.0 = Debug|iPhoneSimulator
		{B9554D67-22A9-4CBD-A55F-9FC26FF2C917}.Debug|iPhoneSimulator.Deploy.0 = Debug|iPhoneSimulator
		{B9554D67-22A9-4CBD-A55F-9FC26FF2C917}.Release|Any CPU.ActiveCfg = Release|iPhone
		{B9554D67-22A9-4CBD-A55F-9FC26FF2C917}.Release|Any CPU.Build.0 = Release|iPhone
		{B9554D67-22A9-4CBD-A55F-9FC26FF2C917}.Release|Any CPU.Deploy.0 = Release|iPhone
		{B9554D67-22A9-4CBD-A55F-9FC26FF2C917}.Release|iPhone.ActiveCfg = Release|iPhone
		{B9554D67-22A9-4CBD-A55F-9FC26FF2C917}.Release|iPhone.Build.0 = Release|iPhone
		{B9554D67-22A9-4CBD-A55F-9FC26FF2C917}.Release|iPhone.Deploy.0 = Release|iPhone
		{B9554D67-22A9-4CBD-A55F-9FC26FF2C917}.Release|iPhoneSimulator.ActiveCfg = Release|iPhoneSimulator
		{B9554D67-22A9-4CBD-A55F-9FC26FF2C917}.Release|iPhoneSimulator.Build.0 = Release|iPhoneSimulator
		{B9554D67-22A9-4CBD-A55F-9FC26FF2C917}.Release|iPhoneSimulator.Deploy.0 = Release|iPhoneSimulator
		{69224D00-D956-42E4-9046-1458C5D63574}.Ad-Hoc|Any CPU.ActiveCfg = Debug|Any CPU
		{69224D00-D956-42E4-9046-1458C5D63574}.Ad-Hoc|Any CPU.Build.0 = Debug|Any CPU
		{69224D00-D956-42E4-9046-1458C5D63574}.Ad-Hoc|Any CPU.Deploy.0 = Debug|Any CPU
		{69224D00-D956-42E4-9046-1458C5D63574}.Ad-Hoc|iPhone.ActiveCfg = Debug|Any CPU
		{69224D00-D956-42E4-9046-1458C5D63574}.Ad-Hoc|iPhone.Build.0 = Debug|Any CPU
		{69224D00-D956-42E4-9046-1458C5D63574}.Ad-Hoc|iPhone.Deploy.0 = Debug|Any CPU
		{69224D00-D956-42E4-9046-1458C5D63574}.Ad-Hoc|iPhoneSimulator.ActiveCfg = Debug|Any CPU
		{69224D00-D956-42E4-9046-1458C5D63574}.Ad-Hoc|iPhoneSimulator.Build.0 = Debug|Any CPU
		{69224D00-D956-42E4-9046-1458C5D63574}.Ad-Hoc|iPhoneSimulator.Deploy.0 = Debug|Any CPU
		{69224D00-D956-42E4-9046-1458C5D63574}.AppStore|Any CPU.ActiveCfg = Debug|Any CPU
		{69224D00-D956-42E4-9046-1458C5D63574}.AppStore|Any CPU.Build.0 = Debug|Any CPU
		{69224D00-D956-42E4-9046-1458C5D63574}.AppStore|Any CPU.Deploy.0 = Debug|Any CPU
		{69224D00-D956-42E4-9046-1458C5D63574}.AppStore|iPhone.ActiveCfg = Debug|Any CPU
		{69224D00-D956-42E4-9046-1458C5D63574}.AppStore|iPhone.Build.0 = Debug|Any CPU
		{69224D00-D956-42E4-9046-1458C5D63574}.AppStore|iPhone.Deploy.0 = Debug|Any CPU
		{69224D00-D956-42E4-9046-1458C5D63574}.AppStore|iPhoneSimulator.ActiveCfg = Debug|Any CPU
		{69224D00-D956-42E4-9046-1458C5D63574}.AppStore|iPhoneSimulator.Build.0 = Debug|Any CPU
		{69224D00-D956-42E4-9046-1458C5D63574}.AppStore|iPhoneSimulator.Deploy.0 = Debug|Any CPU
		{69224D00-D956-42E4-9046-1458C5D63574}.Debug|Any CPU.ActiveCfg = Debug|Any CPU
		{69224D00-D956-42E4-9046-1458C5D63574}.Debug|Any CPU.Build.0 = Debug|Any CPU
		{69224D00-D956-42E4-9046-1458C5D63574}.Debug|Any CPU.Deploy.0 = Debug|Any CPU
		{69224D00-D956-42E4-9046-1458C5D63574}.Debug|iPhone.ActiveCfg = Debug|Any CPU
		{69224D00-D956-42E4-9046-1458C5D63574}.Debug|iPhone.Build.0 = Debug|Any CPU
		{69224D00-D956-42E4-9046-1458C5D63574}.Debug|iPhone.Deploy.0 = Debug|Any CPU
		{69224D00-D956-42E4-9046-1458C5D63574}.Debug|iPhoneSimulator.ActiveCfg = Debug|Any CPU
		{69224D00-D956-42E4-9046-1458C5D63574}.Debug|iPhoneSimulator.Build.0 = Debug|Any CPU
		{69224D00-D956-42E4-9046-1458C5D63574}.Debug|iPhoneSimulator.Deploy.0 = Debug|Any CPU
		{69224D00-D956-42E4-9046-1458C5D63574}.Release|Any CPU.ActiveCfg = Release|Any CPU
		{69224D00-D956-42E4-9046-1458C5D63574}.Release|Any CPU.Build.0 = Release|Any CPU
		{69224D00-D956-42E4-9046-1458C5D63574}.Release|Any CPU.Deploy.0 = Release|Any CPU
		{69224D00-D956-42E4-9046-1458C5D63574}.Release|iPhone.ActiveCfg = Release|Any CPU
		{69224D00-D956-42E4-9046-1458C5D63574}.Release|iPhone.Build.0 = Release|Any CPU
		{69224D00-D956-42E4-9046-1458C5D63574}.Release|iPhone.Deploy.0 = Release|Any CPU
		{69224D00-D956-42E4-9046-1458C5D63574}.Release|iPhoneSimulator.ActiveCfg = Release|Any CPU
		{69224D00-D956-42E4-9046-1458C5D63574}.Release|iPhoneSimulator.Build.0 = Release|Any CPU
		{69224D00-D956-42E4-9046-1458C5D63574}.Release|iPhoneSimulator.Deploy.0 = Release|Any CPU
	EndGlobalSection
	GlobalSection(SolutionProperties) = preSolution
		HideSolutionNode = FALSE
	EndGlobalSection
	GlobalSection(ExtensibilityGlobals) = postSolution
		SolutionGuid = {A75015D2-41F2-4B7E-B82A-2DA6E259364B}
	EndGlobalSection
EndGlobal
